
Microsoft Visual Studio Solution File, Format Version 12.00
# Visual Studio Version 17
VisualStudioVersion = 17.5.002.0
MinimumVisualStudioVersion = 10.0.40219.1
Project("{9A19103F-16F7-4668-BE54-9A1E7A4F7556}") = "CheckedUnchecked", "CheckedUnchecked\CheckedUnchecked.csproj", "{5D50EDCD-CB85-42EA-BC9A-550D53178546}"
EndProject
Project("{9A19103F-16F7-4668-BE54-9A1E7A4F7556}") = "Delegates", "Delegates\Delegates.csproj", "{7BBB72D4-833B-465C-8340-4D026B8BCEEA}"
EndProject
Project("{9A19103F-16F7-4668-BE54-9A1E7A4F7556}") = "GeneralStatements", "GeneralStatements\GeneralStatements.csproj", "{763E42D7-EABB-4718-8798-DEAAFD258179}"
EndProject
Project("{9A19103F-16F7-4668-BE54-9A1E7A4F7556}") = "Generics", "Generics\Generics.csproj", "{9581D274-008B-4AE7-A98C-E1067DA8BD50}"
EndProject
Project("{9A19103F-16F7-4668-BE54-9A1E7A4F7556}") = "Indexer", "Indexer\Indexer.csproj", "{F5D154DF-F2E8-4415-8AD4-1183B86DCE14}"
EndProject
Project("{9A19103F-16F7-4668-BE54-9A1E7A4F7556}") = "Operators", "Operators\Operators.csproj", "{B654DF60-123F-4E61-BCF1-4723A4FE8B16}"
EndProject
Project("{9A19103F-16F7-4668-BE54-9A1E7A4F7556}") = "PassingParameters", "PassingParameters\PassingParameters.csproj", "{CD0CAEE7-F365-4C51-B686-071ED5C4E14D}"
EndProject
Project("{9A19103F-16F7-4668-BE54-9A1E7A4F7556}") = "Sealed", "Sealed\Sealed.csproj", "{65D4E5C6-742C-4F69-91FC-C58CF7B2D55C}"
EndProject
Project("{9A19103F-16F7-4668-BE54-9A1E7A4F7556}") = "AsyncAwait", "AsyncAwait\AsyncAwait.csproj", "{32D968E5-E4E0-4BA9-B5B0-971B6606C980}"
EndProject
Project("{9A19103F-16F7-4668-BE54-9A1E7A4F7556}") = "DependecyInjection", "DependecyInjection\DependecyInjection.csproj", "{C1CCAD91-4C11-42CD-A753-35CFE2693AF6}"
EndProject
Project("{9A19103F-16F7-4668-BE54-9A1E7A4F7556}") = "ExtensionMethods", "ExtensionMethods\ExtensionMethods.csproj", "{8F4B22DC-DF0A-4EE7-AE28-49B503E32368}"
EndProject
Project("{9A19103F-16F7-4668-BE54-9A1E7A4F7556}") = "CovarianceVsContravariance", "CovarianceVsContravariance\CovarianceVsContravariance.csproj", "{6215382B-8A5C-4273-AEB3-04BE26BCB172}"
EndProject
Project("{2150E333-8FDC-42A3-9474-1A3956D46DE8}") = "Design patterns", "Design patterns", "{C916EB9B-AB8B-44BE-835C-672E386A333B}"
EndProject
Project("{2150E333-8FDC-42A3-9474-1A3956D46DE8}") = "1.Factory Method", "1.Factory Method", "{E640BD27-EF86-4117-9F27-648461FA92C6}"
EndProject
Project("{2150E333-8FDC-42A3-9474-1A3956D46DE8}") = "2.Abstract Factory", "2.Abstract Factory", "{512FBCB4-9C08-4272-A2D1-0558F22BBD62}"
EndProject
Project("{2150E333-8FDC-42A3-9474-1A3956D46DE8}") = "3.Singleton", "3.Singleton", "{B4130421-E9D5-43D8-9109-AD07659099E8}"
EndProject
Project("{2150E333-8FDC-42A3-9474-1A3956D46DE8}") = "4.Adapter", "4.Adapter", "{052FAE00-7CB4-4412-963A-80B36F572434}"
EndProject
Project("{2150E333-8FDC-42A3-9474-1A3956D46DE8}") = "5.Facade", "5.Facade", "{44386BBF-F0D1-4683-95E7-0EDA2EEE4038}"
EndProject
Project("{2150E333-8FDC-42A3-9474-1A3956D46DE8}") = "Algorithms", "Algorithms", "{23EE4406-97CA-47AB-93C4-F60C15EB92B7}"
EndProject
Project("{2150E333-8FDC-42A3-9474-1A3956D46DE8}") = "Sort", "Sort", "{6FCA73CB-467D-442E-8D2E-15D90692129C}"
EndProject
Project("{2150E333-8FDC-42A3-9474-1A3956D46DE8}") = "Search", "Search", "{44D95480-016D-4B96-9BBD-399DD6DB3C25}"
EndProject
Project("{2150E333-8FDC-42A3-9474-1A3956D46DE8}") = "ProblemSolving", "ProblemSolving", "{520BBEA3-6CE8-4982-84D0-885C2E826761}"
EndProject
Project("{2150E333-8FDC-42A3-9474-1A3956D46DE8}") = "ExtraLongFactorials", "ExtraLongFactorials", "{C87A52AB-16FF-45B3-BB0E-C3A18A18BB61}"
EndProject
Project("{9A19103F-16F7-4668-BE54-9A1E7A4F7556}") = "ExtraLongFactorials", "ExtraLongFactorials\ExtraLongFactorials.csproj", "{F973222E-EDDA-4BF7-BD43-064A62236A71}"
EndProject
Project("{2150E333-8FDC-42A3-9474-1A3956D46DE8}") = "SquareRootWithBinearySearch", "SquareRootWithBinearySearch", "{8BDD1C9D-E7D6-4736-A584-FECA8E66E5F7}"
EndProject
Project("{9A19103F-16F7-4668-BE54-9A1E7A4F7556}") = "SquareRootWithBinearySearch", "SquareRootWithBinearySearch\SquareRootWithBinearySearch.csproj", "{F4BBF669-0E48-4234-99F9-E05F072118B4}"
EndProject
Project("{2150E333-8FDC-42A3-9474-1A3956D46DE8}") = "Bineary", "Bineary", "{6A6CC184-83D3-46D2-B627-D05659F35650}"
EndProject
Project("{2150E333-8FDC-42A3-9474-1A3956D46DE8}") = "Bubble", "Bubble", "{67DA9366-B552-4712-AAEC-9B00E2DDADCD}"
EndProject
Project("{2150E333-8FDC-42A3-9474-1A3956D46DE8}") = "Quick", "Quick", "{74A8B6DF-5640-4DE4-B16F-5927EBE4F673}"
EndProject
Project("{2150E333-8FDC-42A3-9474-1A3956D46DE8}") = "Linear", "Linear", "{42D87CEF-7FA6-461F-84B3-4336DFFC0CF6}"
EndProject
Project("{2150E333-8FDC-42A3-9474-1A3956D46DE8}") = "Selection", "Selection", "{105577D7-F0CA-403E-AFDC-B0F21E7E089A}"
EndProject
Project("{2150E333-8FDC-42A3-9474-1A3956D46DE8}") = "Insertion", "Insertion", "{B49614CC-4284-4906-94D8-EFE8EB59402C}"
EndProject
Project("{9A19103F-16F7-4668-BE54-9A1E7A4F7556}") = "QuickSort", "QuickSort\QuickSort.csproj", "{76C69458-0031-4D74-8841-B8E2A91FF97A}"
EndProject
Project("{9A19103F-16F7-4668-BE54-9A1E7A4F7556}") = "Casting", "Casting\Casting.csproj", "{F86869D0-7269-4F81-B0A8-5198BC6A4D83}"
EndProject
Project("{9A19103F-16F7-4668-BE54-9A1E7A4F7556}") = "TryCatch", "TryCatch\TryCatch.csproj", "{C59089DE-A36B-42E0-A59F-E480FACFB9FF}"
EndProject
Project("{9A19103F-16F7-4668-BE54-9A1E7A4F7556}") = "AbstractFactory", "DesignPatterns\Abstract Factory\AbstractFactory.csproj", "{31D203F8-9531-484E-9070-A2699A254229}"
EndProject
Project("{9A19103F-16F7-4668-BE54-9A1E7A4F7556}") = "Adapter", "DesignPatterns\Adapter\Adapter.csproj", "{820D0859-4DB7-4ADD-BB2B-A55AC63075AD}"
EndProject
Project("{9A19103F-16F7-4668-BE54-9A1E7A4F7556}") = "Facade", "DesignPatterns\Facade\Facade.csproj", "{24C19D30-CBBC-4F55-BE02-BC4A8956A4D2}"
EndProject
Project("{9A19103F-16F7-4668-BE54-9A1E7A4F7556}") = "FactoryMethod", "DesignPatterns\Factory Method\FactoryMethod.csproj", "{4C6AA907-4EC0-4D07-87A0-A33EA754F5DB}"
EndProject
Project("{9A19103F-16F7-4668-BE54-9A1E7A4F7556}") = "OperatorOverloading", "OperatorOverloading\OperatorOverloading.csproj", "{8426A61B-7B1B-4B25-9FBE-FDE6B1E95A8B}"
EndProject
Project("{9A19103F-16F7-4668-BE54-9A1E7A4F7556}") = "Singleton", "Singleton\Singleton.csproj", "{B8082CBB-064A-48C8-A184-A1EF2FB42EF9}"
EndProject
Project("{9A19103F-16F7-4668-BE54-9A1E7A4F7556}") = "MultiThreading", "MultiThreading\MultiThreading.csproj", "{835EA2AB-1F3E-45CB-87A3-6F0081CDFB30}"
EndProject
Project("{9A19103F-16F7-4668-BE54-9A1E7A4F7556}") = "UsingEquality", "UsingEquality\UsingEquality.csproj", "{588E4B66-7601-4FF4-9FCF-C770EF1B30E4}"
EndProject
Project("{9A19103F-16F7-4668-BE54-9A1E7A4F7556}") = "MutableVsImmutable", "MutableVsImmutable\MutableVsImmutable.csproj", "{E5A38221-7B42-4BB1-B79E-9ACF161CDE3A}"
EndProject
Project("{2150E333-8FDC-42A3-9474-1A3956D46DE8}") = "OOP", "OOP", "{C85D3A10-3724-43F2-93C5-6BBD814AB251}"
EndProject
Project("{2150E333-8FDC-42A3-9474-1A3956D46DE8}") = "Polymorphism", "Polymorphism", "{FA27F6A6-D46E-4E41-AE03-7A3FB5441E56}"
EndProject
Project("{9A19103F-16F7-4668-BE54-9A1E7A4F7556}") = "1.VirtualMethod", "VirtualMethod\1.VirtualMethod.csproj", "{43FD7C6A-7D2D-4EA9-B63F-B7EC4E1BDFEF}"
EndProject
Project("{9A19103F-16F7-4668-BE54-9A1E7A4F7556}") = "4.MethodOverloading", "MethodOverloading\4.MethodOverloading.csproj", "{92CAF359-E445-412B-A1E4-66323A74DD38}"
EndProject
Project("{9A19103F-16F7-4668-BE54-9A1E7A4F7556}") = "3.Interface", "Interface\3.Interface.csproj", "{A6DF3EBB-1432-4B03-955C-F10F7644DB35}"
EndProject
Project("{9A19103F-16F7-4668-BE54-9A1E7A4F7556}") = "2.AbstractMethod", "AbstractMethod\2.AbstractMethod.csproj", "{A6F62C3F-1E0F-4C43-9298-1F2EED8A748C}"
EndProject
Project("{9A19103F-16F7-4668-BE54-9A1E7A4F7556}") = "6.NewMembers", "NewMembers\6.NewMembers.csproj", "{46080E7C-1F6F-40AE-84D5-C10FE81A433C}"
EndProject
Project("{9A19103F-16F7-4668-BE54-9A1E7A4F7556}") = "5.SealedOverride", "SealedOverride\5.SealedOverride.csproj", "{1AB7EF30-3CD1-4F33-A037-31B1B15BE75C}"
EndProject
Project("{2150E333-8FDC-42A3-9474-1A3956D46DE8}") = "C#", "C#", "{3C66E521-9BEF-4E5F-8B1E-EB3CC64A2C95}"
EndProject
Project("{9A19103F-16F7-4668-BE54-9A1E7A4F7556}") = "Yield", "Yield\Yield.csproj", "{BB8EE689-4D32-471E-AB13-62B63F1209B7}"
EndProject
Project("{9A19103F-16F7-4668-BE54-9A1E7A4F7556}") = "CustomCollection", "CustomCollection\CustomCollection.csproj", "{25320286-F015-4888-99E7-3F6E370B183D}"
EndProject
Project("{2150E333-8FDC-42A3-9474-1A3956D46DE8}") = "EFCore", "EFCore", "{A89359B1-1A04-4892-90F5-C6462F2363AC}"
EndProject
Project("{9A19103F-16F7-4668-BE54-9A1E7A4F7556}") = "EFCore.Basics", "EFCore\Basics\EFCore.Basics.csproj", "{14FEB183-FE07-4312-A155-682174CD864B}"
EndProject
Project("{9A19103F-16F7-4668-BE54-9A1E7A4F7556}") = "ConfigureAwait", "ConfigureAwait\ConfigureAwait.csproj", "{DF6866FA-44B5-4061-9DC1-D3C29769A51F}"
EndProject
Project("{2150E333-8FDC-42A3-9474-1A3956D46DE8}") = "ORM", "ORM", "{84B80AF5-EB3A-4267-9366-F48B4FDA9596}"
EndProject
Project("{9A19103F-16F7-4668-BE54-9A1E7A4F7556}") = "Dapper.Basics", "ORM\UsingDapper\Dapper.Basics.csproj", "{A4C940BC-F557-4FD5-966D-BB2DC074D5B6}"
EndProject
Project("{2150E333-8FDC-42A3-9474-1A3956D46DE8}") = "Dapper", "Dapper", "{5A479A6A-2EF3-47B4-892E-6E6FF31600B9}"
EndProject
Project("{FAE04EC0-301F-11D3-BF4B-00C04F79EFBC}") = "NullChecking", "NullChecking\NullChecking.csproj", "{D0681620-BC0F-4567-A0CB-C3E3EB3B4CC1}"
EndProject
Global
	GlobalSection(SolutionConfigurationPlatforms) = preSolution
		Debug|Any CPU = Debug|Any CPU
		Release|Any CPU = Release|Any CPU
	EndGlobalSection
	GlobalSection(ProjectConfigurationPlatforms) = postSolution
		{5D50EDCD-CB85-42EA-BC9A-550D53178546}.Debug|Any CPU.ActiveCfg = Debug|Any CPU
		{5D50EDCD-CB85-42EA-BC9A-550D53178546}.Debug|Any CPU.Build.0 = Debug|Any CPU
		{5D50EDCD-CB85-42EA-BC9A-550D53178546}.Release|Any CPU.ActiveCfg = Release|Any CPU
		{5D50EDCD-CB85-42EA-BC9A-550D53178546}.Release|Any CPU.Build.0 = Release|Any CPU
		{7BBB72D4-833B-465C-8340-4D026B8BCEEA}.Debug|Any CPU.ActiveCfg = Debug|Any CPU
		{7BBB72D4-833B-465C-8340-4D026B8BCEEA}.Debug|Any CPU.Build.0 = Debug|Any CPU
		{7BBB72D4-833B-465C-8340-4D026B8BCEEA}.Release|Any CPU.ActiveCfg = Release|Any CPU
		{7BBB72D4-833B-465C-8340-4D026B8BCEEA}.Release|Any CPU.Build.0 = Release|Any CPU
		{763E42D7-EABB-4718-8798-DEAAFD258179}.Debug|Any CPU.ActiveCfg = Debug|Any CPU
		{763E42D7-EABB-4718-8798-DEAAFD258179}.Debug|Any CPU.Build.0 = Debug|Any CPU
		{763E42D7-EABB-4718-8798-DEAAFD258179}.Release|Any CPU.ActiveCfg = Release|Any CPU
		{763E42D7-EABB-4718-8798-DEAAFD258179}.Release|Any CPU.Build.0 = Release|Any CPU
		{9581D274-008B-4AE7-A98C-E1067DA8BD50}.Debug|Any CPU.ActiveCfg = Debug|Any CPU
		{9581D274-008B-4AE7-A98C-E1067DA8BD50}.Debug|Any CPU.Build.0 = Debug|Any CPU
		{9581D274-008B-4AE7-A98C-E1067DA8BD50}.Release|Any CPU.ActiveCfg = Release|Any CPU
		{9581D274-008B-4AE7-A98C-E1067DA8BD50}.Release|Any CPU.Build.0 = Release|Any CPU
		{F5D154DF-F2E8-4415-8AD4-1183B86DCE14}.Debug|Any CPU.ActiveCfg = Debug|Any CPU
		{F5D154DF-F2E8-4415-8AD4-1183B86DCE14}.Debug|Any CPU.Build.0 = Debug|Any CPU
		{F5D154DF-F2E8-4415-8AD4-1183B86DCE14}.Release|Any CPU.ActiveCfg = Release|Any CPU
		{F5D154DF-F2E8-4415-8AD4-1183B86DCE14}.Release|Any CPU.Build.0 = Release|Any CPU
		{B654DF60-123F-4E61-BCF1-4723A4FE8B16}.Debug|Any CPU.ActiveCfg = Debug|Any CPU
		{B654DF60-123F-4E61-BCF1-4723A4FE8B16}.Debug|Any CPU.Build.0 = Debug|Any CPU
		{B654DF60-123F-4E61-BCF1-4723A4FE8B16}.Release|Any CPU.ActiveCfg = Release|Any CPU
		{B654DF60-123F-4E61-BCF1-4723A4FE8B16}.Release|Any CPU.Build.0 = Release|Any CPU
		{CD0CAEE7-F365-4C51-B686-071ED5C4E14D}.Debug|Any CPU.ActiveCfg = Debug|Any CPU
		{CD0CAEE7-F365-4C51-B686-071ED5C4E14D}.Debug|Any CPU.Build.0 = Debug|Any CPU
		{CD0CAEE7-F365-4C51-B686-071ED5C4E14D}.Release|Any CPU.ActiveCfg = Release|Any CPU
		{CD0CAEE7-F365-4C51-B686-071ED5C4E14D}.Release|Any CPU.Build.0 = Release|Any CPU
		{65D4E5C6-742C-4F69-91FC-C58CF7B2D55C}.Debug|Any CPU.ActiveCfg = Debug|Any CPU
		{65D4E5C6-742C-4F69-91FC-C58CF7B2D55C}.Debug|Any CPU.Build.0 = Debug|Any CPU
		{65D4E5C6-742C-4F69-91FC-C58CF7B2D55C}.Release|Any CPU.ActiveCfg = Release|Any CPU
		{65D4E5C6-742C-4F69-91FC-C58CF7B2D55C}.Release|Any CPU.Build.0 = Release|Any CPU
		{32D968E5-E4E0-4BA9-B5B0-971B6606C980}.Debug|Any CPU.ActiveCfg = Debug|Any CPU
		{32D968E5-E4E0-4BA9-B5B0-971B6606C980}.Debug|Any CPU.Build.0 = Debug|Any CPU
		{32D968E5-E4E0-4BA9-B5B0-971B6606C980}.Release|Any CPU.ActiveCfg = Release|Any CPU
		{32D968E5-E4E0-4BA9-B5B0-971B6606C980}.Release|Any CPU.Build.0 = Release|Any CPU
		{C1CCAD91-4C11-42CD-A753-35CFE2693AF6}.Debug|Any CPU.ActiveCfg = Debug|Any CPU
		{C1CCAD91-4C11-42CD-A753-35CFE2693AF6}.Debug|Any CPU.Build.0 = Debug|Any CPU
		{C1CCAD91-4C11-42CD-A753-35CFE2693AF6}.Release|Any CPU.ActiveCfg = Release|Any CPU
		{C1CCAD91-4C11-42CD-A753-35CFE2693AF6}.Release|Any CPU.Build.0 = Release|Any CPU
		{8F4B22DC-DF0A-4EE7-AE28-49B503E32368}.Debug|Any CPU.ActiveCfg = Debug|Any CPU
		{8F4B22DC-DF0A-4EE7-AE28-49B503E32368}.Debug|Any CPU.Build.0 = Debug|Any CPU
		{8F4B22DC-DF0A-4EE7-AE28-49B503E32368}.Release|Any CPU.ActiveCfg = Release|Any CPU
		{8F4B22DC-DF0A-4EE7-AE28-49B503E32368}.Release|Any CPU.Build.0 = Release|Any CPU
		{6215382B-8A5C-4273-AEB3-04BE26BCB172}.Debug|Any CPU.ActiveCfg = Debug|Any CPU
		{6215382B-8A5C-4273-AEB3-04BE26BCB172}.Debug|Any CPU.Build.0 = Debug|Any CPU
		{6215382B-8A5C-4273-AEB3-04BE26BCB172}.Release|Any CPU.ActiveCfg = Release|Any CPU
		{6215382B-8A5C-4273-AEB3-04BE26BCB172}.Release|Any CPU.Build.0 = Release|Any CPU
		{F973222E-EDDA-4BF7-BD43-064A62236A71}.Debug|Any CPU.ActiveCfg = Debug|Any CPU
		{F973222E-EDDA-4BF7-BD43-064A62236A71}.Debug|Any CPU.Build.0 = Debug|Any CPU
		{F973222E-EDDA-4BF7-BD43-064A62236A71}.Release|Any CPU.ActiveCfg = Release|Any CPU
		{F973222E-EDDA-4BF7-BD43-064A62236A71}.Release|Any CPU.Build.0 = Release|Any CPU
		{F4BBF669-0E48-4234-99F9-E05F072118B4}.Debug|Any CPU.ActiveCfg = Debug|Any CPU
		{F4BBF669-0E48-4234-99F9-E05F072118B4}.Debug|Any CPU.Build.0 = Debug|Any CPU
		{F4BBF669-0E48-4234-99F9-E05F072118B4}.Release|Any CPU.ActiveCfg = Release|Any CPU
		{F4BBF669-0E48-4234-99F9-E05F072118B4}.Release|Any CPU.Build.0 = Release|Any CPU
		{76C69458-0031-4D74-8841-B8E2A91FF97A}.Debug|Any CPU.ActiveCfg = Debug|Any CPU
		{76C69458-0031-4D74-8841-B8E2A91FF97A}.Debug|Any CPU.Build.0 = Debug|Any CPU
		{76C69458-0031-4D74-8841-B8E2A91FF97A}.Release|Any CPU.ActiveCfg = Release|Any CPU
		{76C69458-0031-4D74-8841-B8E2A91FF97A}.Release|Any CPU.Build.0 = Release|Any CPU
		{F86869D0-7269-4F81-B0A8-5198BC6A4D83}.Debug|Any CPU.ActiveCfg = Debug|Any CPU
		{F86869D0-7269-4F81-B0A8-5198BC6A4D83}.Debug|Any CPU.Build.0 = Debug|Any CPU
		{F86869D0-7269-4F81-B0A8-5198BC6A4D83}.Release|Any CPU.ActiveCfg = Release|Any CPU
		{F86869D0-7269-4F81-B0A8-5198BC6A4D83}.Release|Any CPU.Build.0 = Release|Any CPU
		{C59089DE-A36B-42E0-A59F-E480FACFB9FF}.Debug|Any CPU.ActiveCfg = Debug|Any CPU
		{C59089DE-A36B-42E0-A59F-E480FACFB9FF}.Debug|Any CPU.Build.0 = Debug|Any CPU
		{C59089DE-A36B-42E0-A59F-E480FACFB9FF}.Release|Any CPU.ActiveCfg = Release|Any CPU
		{C59089DE-A36B-42E0-A59F-E480FACFB9FF}.Release|Any CPU.Build.0 = Release|Any CPU
		{31D203F8-9531-484E-9070-A2699A254229}.Debug|Any CPU.ActiveCfg = Debug|Any CPU
		{31D203F8-9531-484E-9070-A2699A254229}.Debug|Any CPU.Build.0 = Debug|Any CPU
		{31D203F8-9531-484E-9070-A2699A254229}.Release|Any CPU.ActiveCfg = Release|Any CPU
		{31D203F8-9531-484E-9070-A2699A254229}.Release|Any CPU.Build.0 = Release|Any CPU
		{820D0859-4DB7-4ADD-BB2B-A55AC63075AD}.Debug|Any CPU.ActiveCfg = Debug|Any CPU
		{820D0859-4DB7-4ADD-BB2B-A55AC63075AD}.Debug|Any CPU.Build.0 = Debug|Any CPU
		{820D0859-4DB7-4ADD-BB2B-A55AC63075AD}.Release|Any CPU.ActiveCfg = Release|Any CPU
		{820D0859-4DB7-4ADD-BB2B-A55AC63075AD}.Release|Any CPU.Build.0 = Release|Any CPU
		{24C19D30-CBBC-4F55-BE02-BC4A8956A4D2}.Debug|Any CPU.ActiveCfg = Debug|Any CPU
		{24C19D30-CBBC-4F55-BE02-BC4A8956A4D2}.Debug|Any CPU.Build.0 = Debug|Any CPU
		{24C19D30-CBBC-4F55-BE02-BC4A8956A4D2}.Release|Any CPU.ActiveCfg = Release|Any CPU
		{24C19D30-CBBC-4F55-BE02-BC4A8956A4D2}.Release|Any CPU.Build.0 = Release|Any CPU
		{4C6AA907-4EC0-4D07-87A0-A33EA754F5DB}.Debug|Any CPU.ActiveCfg = Debug|Any CPU
		{4C6AA907-4EC0-4D07-87A0-A33EA754F5DB}.Debug|Any CPU.Build.0 = Debug|Any CPU
		{4C6AA907-4EC0-4D07-87A0-A33EA754F5DB}.Release|Any CPU.ActiveCfg = Release|Any CPU
		{4C6AA907-4EC0-4D07-87A0-A33EA754F5DB}.Release|Any CPU.Build.0 = Release|Any CPU
		{8426A61B-7B1B-4B25-9FBE-FDE6B1E95A8B}.Debug|Any CPU.ActiveCfg = Debug|Any CPU
		{8426A61B-7B1B-4B25-9FBE-FDE6B1E95A8B}.Debug|Any CPU.Build.0 = Debug|Any CPU
		{8426A61B-7B1B-4B25-9FBE-FDE6B1E95A8B}.Release|Any CPU.ActiveCfg = Release|Any CPU
		{8426A61B-7B1B-4B25-9FBE-FDE6B1E95A8B}.Release|Any CPU.Build.0 = Release|Any CPU
		{B8082CBB-064A-48C8-A184-A1EF2FB42EF9}.Debug|Any CPU.ActiveCfg = Debug|Any CPU
		{B8082CBB-064A-48C8-A184-A1EF2FB42EF9}.Debug|Any CPU.Build.0 = Debug|Any CPU
		{B8082CBB-064A-48C8-A184-A1EF2FB42EF9}.Release|Any CPU.ActiveCfg = Release|Any CPU
		{B8082CBB-064A-48C8-A184-A1EF2FB42EF9}.Release|Any CPU.Build.0 = Release|Any CPU
		{835EA2AB-1F3E-45CB-87A3-6F0081CDFB30}.Debug|Any CPU.ActiveCfg = Debug|Any CPU
		{835EA2AB-1F3E-45CB-87A3-6F0081CDFB30}.Debug|Any CPU.Build.0 = Debug|Any CPU
		{835EA2AB-1F3E-45CB-87A3-6F0081CDFB30}.Release|Any CPU.ActiveCfg = Release|Any CPU
		{835EA2AB-1F3E-45CB-87A3-6F0081CDFB30}.Release|Any CPU.Build.0 = Release|Any CPU
		{588E4B66-7601-4FF4-9FCF-C770EF1B30E4}.Debug|Any CPU.ActiveCfg = Debug|Any CPU
		{588E4B66-7601-4FF4-9FCF-C770EF1B30E4}.Debug|Any CPU.Build.0 = Debug|Any CPU
		{588E4B66-7601-4FF4-9FCF-C770EF1B30E4}.Release|Any CPU.ActiveCfg = Release|Any CPU
		{588E4B66-7601-4FF4-9FCF-C770EF1B30E4}.Release|Any CPU.Build.0 = Release|Any CPU
		{E5A38221-7B42-4BB1-B79E-9ACF161CDE3A}.Debug|Any CPU.ActiveCfg = Debug|Any CPU
		{E5A38221-7B42-4BB1-B79E-9ACF161CDE3A}.Debug|Any CPU.Build.0 = Debug|Any CPU
		{E5A38221-7B42-4BB1-B79E-9ACF161CDE3A}.Release|Any CPU.ActiveCfg = Release|Any CPU
		{E5A38221-7B42-4BB1-B79E-9ACF161CDE3A}.Release|Any CPU.Build.0 = Release|Any CPU
		{43FD7C6A-7D2D-4EA9-B63F-B7EC4E1BDFEF}.Debug|Any CPU.ActiveCfg = Debug|Any CPU
		{43FD7C6A-7D2D-4EA9-B63F-B7EC4E1BDFEF}.Debug|Any CPU.Build.0 = Debug|Any CPU
		{43FD7C6A-7D2D-4EA9-B63F-B7EC4E1BDFEF}.Release|Any CPU.ActiveCfg = Release|Any CPU
		{43FD7C6A-7D2D-4EA9-B63F-B7EC4E1BDFEF}.Release|Any CPU.Build.0 = Release|Any CPU
		{92CAF359-E445-412B-A1E4-66323A74DD38}.Debug|Any CPU.ActiveCfg = Debug|Any CPU
		{92CAF359-E445-412B-A1E4-66323A74DD38}.Debug|Any CPU.Build.0 = Debug|Any CPU
		{92CAF359-E445-412B-A1E4-66323A74DD38}.Release|Any CPU.ActiveCfg = Release|Any CPU
		{92CAF359-E445-412B-A1E4-66323A74DD38}.Release|Any CPU.Build.0 = Release|Any CPU
		{A6DF3EBB-1432-4B03-955C-F10F7644DB35}.Debug|Any CPU.ActiveCfg = Debug|Any CPU
		{A6DF3EBB-1432-4B03-955C-F10F7644DB35}.Debug|Any CPU.Build.0 = Debug|Any CPU
		{A6DF3EBB-1432-4B03-955C-F10F7644DB35}.Release|Any CPU.ActiveCfg = Release|Any CPU
		{A6DF3EBB-1432-4B03-955C-F10F7644DB35}.Release|Any CPU.Build.0 = Release|Any CPU
		{A6F62C3F-1E0F-4C43-9298-1F2EED8A748C}.Debug|Any CPU.ActiveCfg = Debug|Any CPU
		{A6F62C3F-1E0F-4C43-9298-1F2EED8A748C}.Debug|Any CPU.Build.0 = Debug|Any CPU
		{A6F62C3F-1E0F-4C43-9298-1F2EED8A748C}.Release|Any CPU.ActiveCfg = Release|Any CPU
		{A6F62C3F-1E0F-4C43-9298-1F2EED8A748C}.Release|Any CPU.Build.0 = Release|Any CPU
		{46080E7C-1F6F-40AE-84D5-C10FE81A433C}.Debug|Any CPU.ActiveCfg = Debug|Any CPU
		{46080E7C-1F6F-40AE-84D5-C10FE81A433C}.Debug|Any CPU.Build.0 = Debug|Any CPU
		{46080E7C-1F6F-40AE-84D5-C10FE81A433C}.Release|Any CPU.ActiveCfg = Release|Any CPU
		{46080E7C-1F6F-40AE-84D5-C10FE81A433C}.Release|Any CPU.Build.0 = Release|Any CPU
		{1AB7EF30-3CD1-4F33-A037-31B1B15BE75C}.Debug|Any CPU.ActiveCfg = Debug|Any CPU
		{1AB7EF30-3CD1-4F33-A037-31B1B15BE75C}.Debug|Any CPU.Build.0 = Debug|Any CPU
		{1AB7EF30-3CD1-4F33-A037-31B1B15BE75C}.Release|Any CPU.ActiveCfg = Release|Any CPU
		{1AB7EF30-3CD1-4F33-A037-31B1B15BE75C}.Release|Any CPU.Build.0 = Release|Any CPU
		{BB8EE689-4D32-471E-AB13-62B63F1209B7}.Debug|Any CPU.ActiveCfg = Debug|Any CPU
		{BB8EE689-4D32-471E-AB13-62B63F1209B7}.Debug|Any CPU.Build.0 = Debug|Any CPU
		{BB8EE689-4D32-471E-AB13-62B63F1209B7}.Release|Any CPU.ActiveCfg = Release|Any CPU
		{BB8EE689-4D32-471E-AB13-62B63F1209B7}.Release|Any CPU.Build.0 = Release|Any CPU
		{25320286-F015-4888-99E7-3F6E370B183D}.Debug|Any CPU.ActiveCfg = Debug|Any CPU
		{25320286-F015-4888-99E7-3F6E370B183D}.Debug|Any CPU.Build.0 = Debug|Any CPU
		{25320286-F015-4888-99E7-3F6E370B183D}.Release|Any CPU.ActiveCfg = Release|Any CPU
		{25320286-F015-4888-99E7-3F6E370B183D}.Release|Any CPU.Build.0 = Release|Any CPU
		{14FEB183-FE07-4312-A155-682174CD864B}.Debug|Any CPU.ActiveCfg = Debug|Any CPU
		{14FEB183-FE07-4312-A155-682174CD864B}.Debug|Any CPU.Build.0 = Debug|Any CPU
		{14FEB183-FE07-4312-A155-682174CD864B}.Release|Any CPU.ActiveCfg = Release|Any CPU
		{14FEB183-FE07-4312-A155-682174CD864B}.Release|Any CPU.Build.0 = Release|Any CPU
		{DF6866FA-44B5-4061-9DC1-D3C29769A51F}.Debug|Any CPU.ActiveCfg = Debug|Any CPU
		{DF6866FA-44B5-4061-9DC1-D3C29769A51F}.Debug|Any CPU.Build.0 = Debug|Any CPU
		{DF6866FA-44B5-4061-9DC1-D3C29769A51F}.Release|Any CPU.ActiveCfg = Release|Any CPU
		{DF6866FA-44B5-4061-9DC1-D3C29769A51F}.Release|Any CPU.Build.0 = Release|Any CPU
		{A4C940BC-F557-4FD5-966D-BB2DC074D5B6}.Debug|Any CPU.ActiveCfg = Debug|Any CPU
		{A4C940BC-F557-4FD5-966D-BB2DC074D5B6}.Debug|Any CPU.Build.0 = Debug|Any CPU
		{A4C940BC-F557-4FD5-966D-BB2DC074D5B6}.Release|Any CPU.ActiveCfg = Release|Any CPU
		{A4C940BC-F557-4FD5-966D-BB2DC074D5B6}.Release|Any CPU.Build.0 = Release|Any CPU
		{D0681620-BC0F-4567-A0CB-C3E3EB3B4CC1}.Debug|Any CPU.ActiveCfg = Debug|Any CPU
		{D0681620-BC0F-4567-A0CB-C3E3EB3B4CC1}.Debug|Any CPU.Build.0 = Debug|Any CPU
		{D0681620-BC0F-4567-A0CB-C3E3EB3B4CC1}.Release|Any CPU.ActiveCfg = Release|Any CPU
		{D0681620-BC0F-4567-A0CB-C3E3EB3B4CC1}.Release|Any CPU.Build.0 = Release|Any CPU
	EndGlobalSection
	GlobalSection(SolutionProperties) = preSolution
		HideSolutionNode = FALSE
	EndGlobalSection
	GlobalSection(NestedProjects) = preSolution
		{5D50EDCD-CB85-42EA-BC9A-550D53178546} = {3C66E521-9BEF-4E5F-8B1E-EB3CC64A2C95}
		{7BBB72D4-833B-465C-8340-4D026B8BCEEA} = {3C66E521-9BEF-4E5F-8B1E-EB3CC64A2C95}
		{763E42D7-EABB-4718-8798-DEAAFD258179} = {3C66E521-9BEF-4E5F-8B1E-EB3CC64A2C95}
		{9581D274-008B-4AE7-A98C-E1067DA8BD50} = {3C66E521-9BEF-4E5F-8B1E-EB3CC64A2C95}
		{F5D154DF-F2E8-4415-8AD4-1183B86DCE14} = {3C66E521-9BEF-4E5F-8B1E-EB3CC64A2C95}
		{B654DF60-123F-4E61-BCF1-4723A4FE8B16} = {3C66E521-9BEF-4E5F-8B1E-EB3CC64A2C95}
		{CD0CAEE7-F365-4C51-B686-071ED5C4E14D} = {3C66E521-9BEF-4E5F-8B1E-EB3CC64A2C95}
		{65D4E5C6-742C-4F69-91FC-C58CF7B2D55C} = {3C66E521-9BEF-4E5F-8B1E-EB3CC64A2C95}
		{32D968E5-E4E0-4BA9-B5B0-971B6606C980} = {3C66E521-9BEF-4E5F-8B1E-EB3CC64A2C95}
		{C1CCAD91-4C11-42CD-A753-35CFE2693AF6} = {3C66E521-9BEF-4E5F-8B1E-EB3CC64A2C95}
		{8F4B22DC-DF0A-4EE7-AE28-49B503E32368} = {3C66E521-9BEF-4E5F-8B1E-EB3CC64A2C95}
		{6215382B-8A5C-4273-AEB3-04BE26BCB172} = {3C66E521-9BEF-4E5F-8B1E-EB3CC64A2C95}
		{E640BD27-EF86-4117-9F27-648461FA92C6} = {C916EB9B-AB8B-44BE-835C-672E386A333B}
		{512FBCB4-9C08-4272-A2D1-0558F22BBD62} = {C916EB9B-AB8B-44BE-835C-672E386A333B}
		{B4130421-E9D5-43D8-9109-AD07659099E8} = {C916EB9B-AB8B-44BE-835C-672E386A333B}
		{052FAE00-7CB4-4412-963A-80B36F572434} = {C916EB9B-AB8B-44BE-835C-672E386A333B}
		{44386BBF-F0D1-4683-95E7-0EDA2EEE4038} = {C916EB9B-AB8B-44BE-835C-672E386A333B}
		{6FCA73CB-467D-442E-8D2E-15D90692129C} = {23EE4406-97CA-47AB-93C4-F60C15EB92B7}
		{44D95480-016D-4B96-9BBD-399DD6DB3C25} = {23EE4406-97CA-47AB-93C4-F60C15EB92B7}
		{C87A52AB-16FF-45B3-BB0E-C3A18A18BB61} = {520BBEA3-6CE8-4982-84D0-885C2E826761}
		{F973222E-EDDA-4BF7-BD43-064A62236A71} = {C87A52AB-16FF-45B3-BB0E-C3A18A18BB61}
		{8BDD1C9D-E7D6-4736-A584-FECA8E66E5F7} = {520BBEA3-6CE8-4982-84D0-885C2E826761}
		{F4BBF669-0E48-4234-99F9-E05F072118B4} = {8BDD1C9D-E7D6-4736-A584-FECA8E66E5F7}
		{6A6CC184-83D3-46D2-B627-D05659F35650} = {44D95480-016D-4B96-9BBD-399DD6DB3C25}
		{67DA9366-B552-4712-AAEC-9B00E2DDADCD} = {6FCA73CB-467D-442E-8D2E-15D90692129C}
		{74A8B6DF-5640-4DE4-B16F-5927EBE4F673} = {6FCA73CB-467D-442E-8D2E-15D90692129C}
		{42D87CEF-7FA6-461F-84B3-4336DFFC0CF6} = {44D95480-016D-4B96-9BBD-399DD6DB3C25}
		{105577D7-F0CA-403E-AFDC-B0F21E7E089A} = {6FCA73CB-467D-442E-8D2E-15D90692129C}
		{B49614CC-4284-4906-94D8-EFE8EB59402C} = {6FCA73CB-467D-442E-8D2E-15D90692129C}
		{76C69458-0031-4D74-8841-B8E2A91FF97A} = {74A8B6DF-5640-4DE4-B16F-5927EBE4F673}
		{F86869D0-7269-4F81-B0A8-5198BC6A4D83} = {3C66E521-9BEF-4E5F-8B1E-EB3CC64A2C95}
		{C59089DE-A36B-42E0-A59F-E480FACFB9FF} = {3C66E521-9BEF-4E5F-8B1E-EB3CC64A2C95}
		{31D203F8-9531-484E-9070-A2699A254229} = {512FBCB4-9C08-4272-A2D1-0558F22BBD62}
		{820D0859-4DB7-4ADD-BB2B-A55AC63075AD} = {052FAE00-7CB4-4412-963A-80B36F572434}
		{24C19D30-CBBC-4F55-BE02-BC4A8956A4D2} = {44386BBF-F0D1-4683-95E7-0EDA2EEE4038}
		{4C6AA907-4EC0-4D07-87A0-A33EA754F5DB} = {E640BD27-EF86-4117-9F27-648461FA92C6}
		{8426A61B-7B1B-4B25-9FBE-FDE6B1E95A8B} = {3C66E521-9BEF-4E5F-8B1E-EB3CC64A2C95}
		{B8082CBB-064A-48C8-A184-A1EF2FB42EF9} = {B4130421-E9D5-43D8-9109-AD07659099E8}
		{835EA2AB-1F3E-45CB-87A3-6F0081CDFB30} = {3C66E521-9BEF-4E5F-8B1E-EB3CC64A2C95}
		{588E4B66-7601-4FF4-9FCF-C770EF1B30E4} = {3C66E521-9BEF-4E5F-8B1E-EB3CC64A2C95}
		{E5A38221-7B42-4BB1-B79E-9ACF161CDE3A} = {3C66E521-9BEF-4E5F-8B1E-EB3CC64A2C95}
		{FA27F6A6-D46E-4E41-AE03-7A3FB5441E56} = {C85D3A10-3724-43F2-93C5-6BBD814AB251}
		{43FD7C6A-7D2D-4EA9-B63F-B7EC4E1BDFEF} = {FA27F6A6-D46E-4E41-AE03-7A3FB5441E56}
		{92CAF359-E445-412B-A1E4-66323A74DD38} = {FA27F6A6-D46E-4E41-AE03-7A3FB5441E56}
		{A6DF3EBB-1432-4B03-955C-F10F7644DB35} = {FA27F6A6-D46E-4E41-AE03-7A3FB5441E56}
		{A6F62C3F-1E0F-4C43-9298-1F2EED8A748C} = {FA27F6A6-D46E-4E41-AE03-7A3FB5441E56}
		{46080E7C-1F6F-40AE-84D5-C10FE81A433C} = {FA27F6A6-D46E-4E41-AE03-7A3FB5441E56}
		{1AB7EF30-3CD1-4F33-A037-31B1B15BE75C} = {FA27F6A6-D46E-4E41-AE03-7A3FB5441E56}
		{BB8EE689-4D32-471E-AB13-62B63F1209B7} = {3C66E521-9BEF-4E5F-8B1E-EB3CC64A2C95}
		{25320286-F015-4888-99E7-3F6E370B183D} = {3C66E521-9BEF-4E5F-8B1E-EB3CC64A2C95}
		{A89359B1-1A04-4892-90F5-C6462F2363AC} = {84B80AF5-EB3A-4267-9366-F48B4FDA9596}
		{14FEB183-FE07-4312-A155-682174CD864B} = {A89359B1-1A04-4892-90F5-C6462F2363AC}
		{DF6866FA-44B5-4061-9DC1-D3C29769A51F} = {3C66E521-9BEF-4E5F-8B1E-EB3CC64A2C95}
		{A4C940BC-F557-4FD5-966D-BB2DC074D5B6} = {5A479A6A-2EF3-47B4-892E-6E6FF31600B9}
		{5A479A6A-2EF3-47B4-892E-6E6FF31600B9} = {84B80AF5-EB3A-4267-9366-F48B4FDA9596}
		{D0681620-BC0F-4567-A0CB-C3E3EB3B4CC1} = {3C66E521-9BEF-4E5F-8B1E-EB3CC64A2C95}
	EndGlobalSection
	GlobalSection(ExtensibilityGlobals) = postSolution
		SolutionGuid = {0DD8E97D-3A21-4718-9612-2005E1B75CEE}
	EndGlobalSection
EndGlobal
